
Microsoft Visual Studio Solution File, Format Version 12.00
# Visual Studio Version 17
VisualStudioVersion = 17.14.36414.22 d17.14
MinimumVisualStudioVersion = 10.0.40219.1
Project("{FAE04EC0-301F-11D3-BF4B-00C04F79EFBC}") = "WebApis", "WebApis.csproj", "{36E2AB9E-AF0E-49C8-9BF1-F1D2D24FEF63}"
EndProject
Global
	GlobalSection(SolutionConfigurationPlatforms) = preSolution
		Debug|Any CPU = Debug|Any CPU
		Release|Any CPU = Release|Any CPU
	EndGlobalSection
	GlobalSection(ProjectConfigurationPlatforms) = postSolution
		{36E2AB9E-AF0E-49C8-9BF1-F1D2D24FEF63}.Debug|Any CPU.ActiveCfg = Debug|Any CPU
		{36E2AB9E-AF0E-49C8-9BF1-F1D2D24FEF63}.Debug|Any CPU.Build.0 = Debug|Any CPU
		{36E2AB9E-AF0E-49C8-9BF1-F1D2D24FEF63}.Release|Any CPU.ActiveCfg = Release|Any CPU
		{36E2AB9E-AF0E-49C8-9BF1-F1D2D24FEF63}.Release|Any CPU.Build.0 = Release|Any CPU
	EndGlobalSection
	GlobalSection(SolutionProperties) = preSolution
		HideSolutionNode = FALSE
	EndGlobalSection
	GlobalSection(ExtensibilityGlobals) = postSolution
		SolutionGuid = {8AA5BC62-F370-48D6-903D-FB0DE016993D}
	EndGlobalSection
EndGlobal
